
Microsoft Visual Studio Solution File, Format Version 12.00
# Visual Studio 15
VisualStudioVersion = 15.0.28307.329
MinimumVisualStudioVersion = 10.0.40219.1
Project("{8BC9CEB8-8B4A-11D0-8D11-00A0C91BC942}") = "10.12", "10.12\10.12.vcxproj", "{DC3954FA-88CD-44A1-A049-7CD91EEC6899}"
EndProject
Global
	GlobalSection(SolutionConfigurationPlatforms) = preSolution
		Debug|x64 = Debug|x64
		Debug|x86 = Debug|x86
		Release|x64 = Release|x64
		Release|x86 = Release|x86
	EndGlobalSection
	GlobalSection(ProjectConfigurationPlatforms) = postSolution
		{DC3954FA-88CD-44A1-A049-7CD91EEC6899}.Debug|x64.ActiveCfg = Debug|x64
		{DC3954FA-88CD-44A1-A049-7CD91EEC6899}.Debug|x64.Build.0 = Debug|x64
		{DC3954FA-88CD-44A1-A049-7CD91EEC6899}.Debug|x86.ActiveCfg = Debug|Win32
		{DC3954FA-88CD-44A1-A049-7CD91EEC6899}.Debug|x86.Build.0 = Debug|Win32
		{DC3954FA-88CD-44A1-A049-7CD91EEC6899}.Release|x64.ActiveCfg = Release|x64
		{DC3954FA-88CD-44A1-A049-7CD91EEC6899}.Release|x64.Build.0 = Release|x64
		{DC3954FA-88CD-44A1-A049-7CD91EEC6899}.Release|x86.ActiveCfg = Release|Win32
		{DC3954FA-88CD-44A1-A049-7CD91EEC6899}.Release|x86.Build.0 = Release|Win32
	EndGlobalSection
	GlobalSection(SolutionProperties) = preSolution
		HideSolutionNode = FALSE
	EndGlobalSection
	GlobalSection(ExtensibilityGlobals) = postSolution
		SolutionGuid = {CDF32A08-902B-4311-8BEF-F90D1073C3A1}
	EndGlobalSection
EndGlobal
